PODS:
  - Flapjack/Core (0.1.0)
  - Flapjack/Core/Tests (0.1.0)
  - Flapjack/CoreData (0.1.0):
    - Flapjack/Core
  - Flapjack/CoreData/Tests (0.1.0):
    - Flapjack/Core
  - Flapjack/UIKit (0.1.0):
    - Flapjack/Core
  - SwiftLint (0.27.0)

DEPENDENCIES:
  - Flapjack/Core (from `../`)
  - Flapjack/Core/Tests (from `../`)
  - Flapjack/CoreData (from `../`)
  - Flapjack/CoreData/Tests (from `../`)
  - Flapjack/UIKit (from `../`)
  - SwiftLint (= 0.27.0)

SPEC REPOS:
  https://github.com/cocoapods/specs.git:
    - SwiftLint

EXTERNAL SOURCES:
  Flapjack:
    :path: "../"

SPEC CHECKSUMS:
  Flapjack: adfd1d098b7b3f5de476e4f6b01c2090961d27e6
  SwiftLint: 3207c1faa2240bf8973b191820a116113cd11073

PODFILE CHECKSUM: 12ec5a6527102189dea106dd2200d5e902a29b73

COCOAPODS: 1.6.0.beta.1
